
Microsoft Visual Studio Solution File, Format Version 12.00
# Visual Studio Version 16
VisualStudioVersion = 16.0.30002.166
MinimumVisualStudioVersion = 10.0.40219.1
Project("{FAE04EC0-301F-11D3-BF4B-00C04F79EFBC}") = "Hahn.ApplicationProcess.May2020.Web", "Hahn.ApplicationProcess.May2020.Web\Hahn.ApplicationProcess.May2020.Web.csproj", "{032D4A47-BEDA-4847-8F96-B6BA01FBDDF5}"
EndProject
Project("{FAE04EC0-301F-11D3-BF4B-00C04F79EFBC}") = "Hahn.ApplicationProcess.May2020.Data", "Hahn.ApplicationProcess.May2020.Data\Hahn.ApplicationProcess.May2020.Data.csproj", "{E164E595-F425-445F-AD08-66FCE350B1CA}"
EndProject
Project("{FAE04EC0-301F-11D3-BF4B-00C04F79EFBC}") = "Hahn.ApplicationProcess.May2020.Domain", "Hahn.ApplicationProcess.May2020.Domain\Hahn.ApplicationProcess.May2020.Domain.csproj", "{D11F930E-1483-49DA-89F4-63627A8DE78D}"
EndProject
Global
	GlobalSection(SolutionConfigurationPlatforms) = preSolution
		Debug|Any CPU = Debug|Any CPU
		Release|Any CPU = Release|Any CPU
	EndGlobalSection
	GlobalSection(ProjectConfigurationPlatforms) = postSolution
		{032D4A47-BEDA-4847-8F96-B6BA01FBDDF5}.Debug|Any CPU.ActiveCfg = Debug|Any CPU
		{032D4A47-BEDA-4847-8F96-B6BA01FBDDF5}.Debug|Any CPU.Build.0 = Debug|Any CPU
		{032D4A47-BEDA-4847-8F96-B6BA01FBDDF5}.Release|Any CPU.ActiveCfg = Release|Any CPU
		{032D4A47-BEDA-4847-8F96-B6BA01FBDDF5}.Release|Any CPU.Build.0 = Release|Any CPU
		{E164E595-F425-445F-AD08-66FCE350B1CA}.Debug|Any CPU.ActiveCfg = Debug|Any CPU
		{E164E595-F425-445F-AD08-66FCE350B1CA}.Debug|Any CPU.Build.0 = Debug|Any CPU
		{E164E595-F425-445F-AD08-66FCE350B1CA}.Release|Any CPU.ActiveCfg = Release|Any CPU
		{E164E595-F425-445F-AD08-66FCE350B1CA}.Release|Any CPU.Build.0 = Release|Any CPU
		{D11F930E-1483-49DA-89F4-63627A8DE78D}.Debug|Any CPU.ActiveCfg = Debug|Any CPU
		{D11F930E-1483-49DA-89F4-63627A8DE78D}.Debug|Any CPU.Build.0 = Debug|Any CPU
		{D11F930E-1483-49DA-89F4-63627A8DE78D}.Release|Any CPU.ActiveCfg = Release|Any CPU
		{D11F930E-1483-49DA-89F4-63627A8DE78D}.Release|Any CPU.Build.0 = Release|Any CPU
	EndGlobalSection
	GlobalSection(SolutionProperties) = preSolution
		HideSolutionNode = FALSE
	EndGlobalSection
	GlobalSection(ExtensibilityGlobals) = postSolution
		SolutionGuid = {D33FF239-6B98-471C-B91A-1739153A68A2}
	EndGlobalSection
EndGlobal
