
Microsoft Visual Studio Solution File, Format Version 12.00
# Visual Studio Version 16
VisualStudioVersion = 16.0.30002.166
MinimumVisualStudioVersion = 10.0.40219.1
Project("{9A19103F-16F7-4668-BE54-9A1E7A4F7556}") = "Hahn.ApplicatonProcess.Application", "Hahn.ApplicatonProcess.Application\Hahn.ApplicatonProcess.Application.csproj", "{383CBA9B-0B38-45E1-850A-1580088C232B}"
EndProject
Project("{FAE04EC0-301F-11D3-BF4B-00C04F79EFBC}") = "Hahn.ApplicatonProcess.May2020.Data", "Hahn.ApplicatonProcess.May2020.Data\Hahn.ApplicatonProcess.May2020.Data.csproj", "{362B48E2-6C5E-48CC-8C4E-406567868889}"
EndProject
Project("{FAE04EC0-301F-11D3-BF4B-00C04F79EFBC}") = "Hahn.ApplicatonProcess.May2020.Domain", "Hahn.ApplicatonProcess.May2020.Domain\Hahn.ApplicatonProcess.May2020.Domain.csproj", "{867E8504-C3E2-4789-A3FF-25C8A1EF3CCD}"
EndProject
Global
	GlobalSection(SolutionConfigurationPlatforms) = preSolution
		Debug|Any CPU = Debug|Any CPU
		Release|Any CPU = Release|Any CPU
	EndGlobalSection
	GlobalSection(ProjectConfigurationPlatforms) = postSolution
		{383CBA9B-0B38-45E1-850A-1580088C232B}.Debug|Any CPU.ActiveCfg = Debug|Any CPU
		{383CBA9B-0B38-45E1-850A-1580088C232B}.Debug|Any CPU.Build.0 = Debug|Any CPU
		{383CBA9B-0B38-45E1-850A-1580088C232B}.Release|Any CPU.ActiveCfg = Release|Any CPU
		{383CBA9B-0B38-45E1-850A-1580088C232B}.Release|Any CPU.Build.0 = Release|Any CPU
		{362B48E2-6C5E-48CC-8C4E-406567868889}.Debug|Any CPU.ActiveCfg = Debug|Any CPU
		{362B48E2-6C5E-48CC-8C4E-406567868889}.Debug|Any CPU.Build.0 = Debug|Any CPU
		{362B48E2-6C5E-48CC-8C4E-406567868889}.Release|Any CPU.ActiveCfg = Release|Any CPU
		{362B48E2-6C5E-48CC-8C4E-406567868889}.Release|Any CPU.Build.0 = Release|Any CPU
		{867E8504-C3E2-4789-A3FF-25C8A1EF3CCD}.Debug|Any CPU.ActiveCfg = Debug|Any CPU
		{867E8504-C3E2-4789-A3FF-25C8A1EF3CCD}.Debug|Any CPU.Build.0 = Debug|Any CPU
		{867E8504-C3E2-4789-A3FF-25C8A1EF3CCD}.Release|Any CPU.ActiveCfg = Release|Any CPU
		{867E8504-C3E2-4789-A3FF-25C8A1EF3CCD}.Release|Any CPU.Build.0 = Release|Any CPU
	EndGlobalSection
	GlobalSection(SolutionProperties) = preSolution
		HideSolutionNode = FALSE
	EndGlobalSection
	GlobalSection(ExtensibilityGlobals) = postSolution
		SolutionGuid = {6C422A04-3E43-4CCE-911D-635F492B17B6}
	EndGlobalSection
EndGlobal
